// !$*UTF8*$!
{
	archiveVersion = 1;
	classes = {
	};
	objectVersion = 50;
	objects = {

/* Begin PBXBuildFile section */
		8E8D5B31217EE8B000E29439 /* AppDelegate.swift in Sources */ = {isa = PBXBuildFile; fileRef = 8E8D5B30217EE8B000E29439 /* AppDelegate.swift */; };
		8E8D5B33217EE8B000E29439 /* ViewController.swift in Sources */ = {isa = PBXBuildFile; fileRef = 8E8D5B32217EE8B000E29439 /* ViewController.swift */; };
		8E8D5B36217EE8B000E29439 /* Main.storyboard in Resources */ = {isa = PBXBuildFile; fileRef = 8E8D5B34217EE8B000E29439 /* Main.storyboard */; };
		8E8D5B38217EE8B400E29439 /* Assets.xcassets in Resources */ = {isa = PBXBuildFile; fileRef = 8E8D5B37217EE8B400E29439 /* Assets.xcassets */; };
		8E8D5B3B217EE8B400E29439 /* LaunchScreen.storyboard in Resources */ = {isa = PBXBuildFile; fileRef = 8E8D5B39217EE8B400E29439 /* LaunchScreen.storyboard */; };
		8E8D5B46217EE8B500E29439 /* WorldTrotterTests.swift in Sources */ = {isa = PBXBuildFile; fileRef = 8E8D5B45217EE8B500E29439 /* WorldTrotterTests.swift */; };
		8E8D5B51217EE8B500E29439 /* WorldTrotterUITests.swift in Sources */ = {isa = PBXBuildFile; fileRef = 8E8D5B50217EE8B500E29439 /* WorldTrotterUITests.swift */; };
/* End PBXBuildFile section */

/* Begin PBXContainerItemProxy section */
		8E8D5B42217EE8B500E29439 /* PBXContainerItemProxy */ = {
			isa = PBXContainerItemProxy;
			containerPortal = 8E8D5B25217EE8B000E29439 /* Project object */;
			proxyType = 1;
			remoteGlobalIDString = 8E8D5B2C217EE8B000E29439;
			remoteInfo = WorldTrotter;
		};
		8E8D5B4D217EE8B500E29439 /* PBXContainerItemProxy */ = {
			isa = PBXContainerItemProxy;
			containerPortal = 8E8D5B25217EE8B000E29439 /* Project object */;
			proxyType = 1;
			remoteGlobalIDString = 8E8D5B2C217EE8B000E29439;
			remoteInfo = WorldTrotter;
		};
/* End PBXContainerItemProxy section */

/* Begin PBXFileReference section */
		8E8D5B2D217EE8B000E29439 /* WorldTrotter.app */ = {isa = PBXFileReference; explicitFileType = wrapper.application; includeInIndex = 0; path = WorldTrotter.app; sourceTree = BUILT_PRODUCTS_DIR; };
		8E8D5B30217EE8B000E29439 /* AppDelegate.swift */ = {isa = PBXFileReference; lastKnownFileType = sourcecode.swift; path = AppDelegate.swift; sourceTree = "<group>"; };
		8E8D5B32217EE8B000E29439 /* ViewController.swift */ = {isa = PBXFileReference; lastKnownFileType = sourcecode.swift; path = ViewController.swift; sourceTree = "<group>"; };
		8E8D5B35217EE8B000E29439 /* Base */ = {isa = PBXFileReference; lastKnownFileType = file.storyboard; name = Base; path = Base.lproj/Main.storyboard; sourceTree = "<group>"; };
		8E8D5B37217EE8B400E29439 /* Assets.xcassets */ = {isa = PBXFileReference; lastKnownFileType = folder.assetcatalog; path = Assets.xcassets; sourceTree = "<group>"; };
		8E8D5B3A217EE8B400E29439 /* Base */ = {isa = PBXFileReference; lastKnownFileType = file.storyboard; name = Base; path = Base.lproj/LaunchScreen.storyboard; sourceTree = "<group>"; };
		8E8D5B3C217EE8B400E29439 /* Info.plist */ = {isa = PBXFileReference; lastKnownFileType = text.plist.xml; path = Info.plist; sourceTree = "<group>"; };
		8E8D5B41217EE8B500E29439 /* WorldTrotterTests.xctest */ = {isa = PBXFileReference; explicitFileType = wrapper.cfbundle; includeInIndex = 0; path = WorldTrotterTests.xctest; sourceTree = BUILT_PRODUCTS_DIR; };
		8E8D5B45217EE8B500E29439 /* WorldTrotterTests.swift */ = {isa = PBXFileReference; lastKnownFileType = sourcecode.swift; path = WorldTrotterTests.swift; sourceTree = "<group>"; };
		8E8D5B47217EE8B500E29439 /* Info.plist */ = {isa = PBXFileReference; lastKnownFileType = text.plist.xml; path = Info.plist; sourceTree = "<group>"; };
		8E8D5B4C217EE8B500E29439 /* WorldTrotterUITests.xctest */ = {isa = PBXFileReference; explicitFileType = wrapper.cfbundle; includeInIndex = 0; path = WorldTrotterUITests.xctest; sourceTree = BUILT_PRODUCTS_DIR; };
		8E8D5B50217EE8B500E29439 /* WorldTrotterUITests.swift */ = {isa = PBXFileReference; lastKnownFileType = sourcecode.swift; path = WorldTrotterUITests.swift; sourceTree = "<group>"; };
		8E8D5B52217EE8B500E29439 /* Info.plist */ = {isa = PBXFileReference; lastKnownFileType = text.plist.xml; path = Info.plist; sourceTree = "<group>"; };
/* End PBXFileReference section */

/* Begin PBXFrameworksBuildPhase section */
		8E8D5B2A217EE8B000E29439 /* Frameworks */ = {
			isa = PBXFrameworksBuildPhase;
			buildActionMask = 2147483647;
			files = (
			);
			runOnlyForDeploymentPostprocessing = 0;
		};
		8E8D5B3E217EE8B500E29439 /* Frameworks */ = {
			isa = PBXFrameworksBuildPhase;
			buildActionMask = 2147483647;
			files = (
			);
			runOnlyForDeploymentPostprocessing = 0;
		};
		8E8D5B49217EE8B500E29439 /* Frameworks */ = {
			isa = PBXFrameworksBuildPhase;
			buildActionMask = 2147483647;
			files = (
			);
			runOnlyForDeploymentPostprocessing = 0;
		};
/* End PBXFrameworksBuildPhase section */

/* Begin PBXGroup section */
		8E8D5B24217EE8B000E29439 = {
			isa = PBXGroup;
			children = (
				8E8D5B2F217EE8B000E29439 /* WorldTrotter */,
				8E8D5B44217EE8B500E29439 /* WorldTrotterTests */,
				8E8D5B4F217EE8B500E29439 /* WorldTrotterUITests */,
				8E8D5B2E217EE8B000E29439 /* Products */,
			);
			sourceTree = "<group>";
		};
		8E8D5B2E217EE8B000E29439 /* Products */ = {
			isa = PBXGroup;
			children = (
				8E8D5B2D217EE8B000E29439 /* WorldTrotter.app */,
				8E8D5B41217EE8B500E29439 /* WorldTrotterTests.xctest */,
				8E8D5B4C217EE8B500E29439 /* WorldTrotterUITests.xctest */,
			);
			name = Products;
			sourceTree = "<group>";
		};
		8E8D5B2F217EE8B000E29439 /* WorldTrotter */ = {
			isa = PBXGroup;
			children = (
				8E8D5B30217EE8B000E29439 /* AppDelegate.swift */,
				8E8D5B32217EE8B000E29439 /* ViewController.swift */,
				8E8D5B34217EE8B000E29439 /* Main.storyboard */,
				8E8D5B37217EE8B400E29439 /* Assets.xcassets */,
				8E8D5B39217EE8B400E29439 /* LaunchScreen.storyboard */,
				8E8D5B3C217EE8B400E29439 /* Info.plist */,
			);
			path = WorldTrotter;
			sourceTree = "<group>";
		};
		8E8D5B44217EE8B500E29439 /* WorldTrotterTests */ = {
			isa = PBXGroup;
			children = (
				8E8D5B45217EE8B500E29439 /* WorldTrotterTests.swift */,
				8E8D5B47217EE8B500E29439 /* Info.plist */,
			);
			path = WorldTrotterTests;
			sourceTree = "<group>";
		};
		8E8D5B4F217EE8B500E29439 /* WorldTrotterUITests */ = {
			isa = PBXGroup;
			children = (
				8E8D5B50217EE8B500E29439 /* WorldTrotterUITests.swift */,
				8E8D5B52217EE8B500E29439 /* Info.plist */,
			);
			path = WorldTrotterUITests;
			sourceTree = "<group>";
		};
/* End PBXGroup section */

/* Begin PBXNativeTarget section */
		8E8D5B2C217EE8B000E29439 /* WorldTrotter */ = {
			isa = PBXNativeTarget;
			buildConfigurationList = 8E8D5B55217EE8B500E29439 /* Build configuration list for PBXNativeTarget "WorldTrotter" */;
			buildPhases = (
				8E8D5B29217EE8B000E29439 /* Sources */,
				8E8D5B2A217EE8B000E29439 /* Frameworks */,
				8E8D5B2B217EE8B000E29439 /* Resources */,
			);
			buildRules = (
			);
			dependencies = (
			);
			name = WorldTrotter;
			productName = WorldTrotter;
			productReference = 8E8D5B2D217EE8B000E29439 /* WorldTrotter.app */;
			productType = "com.apple.product-type.application";
		};
		8E8D5B40217EE8B500E29439 /* WorldTrotterTests */ = {
			isa = PBXNativeTarget;
			buildConfigurationList = 8E8D5B58217EE8B500E29439 /* Build configuration list for PBXNativeTarget "WorldTrotterTests" */;
			buildPhases = (
				8E8D5B3D217EE8B500E29439 /* Sources */,
				8E8D5B3E217EE8B500E29439 /* Frameworks */,
				8E8D5B3F217EE8B500E29439 /* Resources */,
			);
			buildRules = (
			);
			dependencies = (
				8E8D5B43217EE8B500E29439 /* PBXTargetDependency */,
			);
			name = WorldTrotterTests;
			productName = WorldTrotterTests;
			productReference = 8E8D5B41217EE8B500E29439 /* WorldTrotterTests.xctest */;
			productType = "com.apple.product-type.bundle.unit-test";
		};
		8E8D5B4B217EE8B500E29439 /* WorldTrotterUITests */ = {
			isa = PBXNativeTarget;
			buildConfigurationList = 8E8D5B5B217EE8B500E29439 /* Build configuration list for PBXNativeTarget "WorldTrotterUITests" */;
			buildPhases = (
				8E8D5B48217EE8B500E29439 /* Sources */,
				8E8D5B49217EE8B500E29439 /* Frameworks */,
				8E8D5B4A217EE8B500E29439 /* Resources */,
			);
			buildRules = (
			);
			dependencies = (
				8E8D5B4E217EE8B500E29439 /* PBXTargetDependency */,
			);
			name = WorldTrotterUITests;
			productName = WorldTrotterUITests;
			productReference = 8E8D5B4C217EE8B500E29439 /* WorldTrotterUITests.xctest */;
			productType = "com.apple.product-type.bundle.ui-testing";
		};
/* End PBXNativeTarget section */

/* Begin PBXProject section */
		8E8D5B25217EE8B000E29439 /* Project object */ = {
			isa = PBXProject;
			attributes = {
				LastSwiftUpdateCheck = 1000;
				LastUpgradeCheck = 1000;
				ORGANIZATIONNAME = "Bharath G M";
				TargetAttributes = {
					8E8D5B2C217EE8B000E29439 = {
						CreatedOnToolsVersion = 10.0;
					};
					8E8D5B40217EE8B500E29439 = {
						CreatedOnToolsVersion = 10.0;
						TestTargetID = 8E8D5B2C217EE8B000E29439;
					};
					8E8D5B4B217EE8B500E29439 = {
						CreatedOnToolsVersion = 10.0;
						TestTargetID = 8E8D5B2C217EE8B000E29439;
					};
				};
			};
			buildConfigurationList = 8E8D5B28217EE8B000E29439 /* Build configuration list for PBXProject "WorldTrotter" */;
			compatibilityVersion = "Xcode 9.3";
			developmentRegion = en;
			hasScannedForEncodings = 0;
			knownRegions = (
				en,
				Base,
			);
			mainGroup = 8E8D5B24217EE8B000E29439;
			productRefGroup = 8E8D5B2E217EE8B000E29439 /* Products */;
			projectDirPath = "";
			projectRoot = "";
			targets = (
				8E8D5B2C217EE8B000E29439 /* WorldTrotter */,
				8E8D5B40217EE8B500E29439 /* WorldTrotterTests */,
				8E8D5B4B217EE8B500E29439 /* WorldTrotterUITests */,
			);
		};
/* End PBXProject section */

/* Begin PBXResourcesBuildPhase section */
		8E8D5B2B217EE8B000E29439 /* Resources */ = {
			isa = PBXResourcesBuildPhase;
			buildActionMask = 2147483647;
			files = (
				8E8D5B3B217EE8B400E29439 /* LaunchScreen.storyboard in Resources */,
				8E8D5B38217EE8B400E29439 /* Assets.xcassets in Resources */,
				8E8D5B36217EE8B000E29439 /* Main.storyboard in Resources */,
			);
			runOnlyForDeploymentPostprocessing = 0;
		};
		8E8D5B3F217EE8B500E29439 /* Resources */ = {
			isa = PBXResourcesBuildPhase;
			buildActionMask = 2147483647;
			files = (
			);
			runOnlyForDeploymentPostprocessing = 0;
		};
		8E8D5B4A217EE8B500E29439 /* Resources */ = {
			isa = PBXResourcesBuildPhase;
			buildActionMask = 2147483647;
			files = (
			);
			runOnlyForDeploymentPostprocessing = 0;
		};
/* End PBXResourcesBuildPhase section */

/* Begin PBXSourcesBuildPhase section */
		8E8D5B29217EE8B000E29439 /* Sources */ = {
			isa = PBXSourcesBuildPhase;
			buildActionMask = 2147483647;
			files = (
				8E8D5B33217EE8B000E29439 /* ViewController.swift in Sources */,
				8E8D5B31217EE8B000E29439 /* AppDelegate.swift in Sources */,
			);
			runOnlyForDeploymentPostprocessing = 0;
		};
		8E8D5B3D217EE8B500E29439 /* Sources */ = {
			isa = PBXSourcesBuildPhase;
			buildActionMask = 2147483647;
			files = (
				8E8D5B46217EE8B500E29439 /* WorldTrotterTests.swift in Sources */,
			);
			runOnlyForDeploymentPostprocessing = 0;
		};
		8E8D5B48217EE8B500E29439 /* Sources */ = {
			isa = PBXSourcesBuildPhase;
			buildActionMask = 2147483647;
			files = (
				8E8D5B51217EE8B500E29439 /* WorldTrotterUITests.swift in Sources */,
			);
			runOnlyForDeploymentPostprocessing = 0;
		};
/* End PBXSourcesBuildPhase section */

/* Begin PBXTargetDependency section */
		8E8D5B43217EE8B500E29439 /* PBXTargetDependency */ = {
			isa = PBXTargetDependency;
			target = 8E8D5B2C217EE8B000E29439 /* WorldTrotter */;
			targetProxy = 8E8D5B42217EE8B500E29439 /* PBXContainerItemProxy */;
		};
		8E8D5B4E217EE8B500E29439 /* PBXTargetDependency */ = {
			isa = PBXTargetDependency;
			target = 8E8D5B2C217EE8B000E29439 /* WorldTrotter */;
			targetProxy = 8E8D5B4D217EE8B500E29439 /* PBXContainerItemProxy */;
		};
/* End PBXTargetDependency section */

/* Begin PBXVariantGroup section */
		8E8D5B34217EE8B000E29439 /* Main.storyboard */ = {
			isa = PBXVariantGroup;
			children = (
				8E8D5B35217EE8B000E29439 /* Base */,
			);
			name = Main.storyboard;
			sourceTree = "<group>";
		};
		8E8D5B39217EE8B400E29439 /* LaunchScreen.storyboard */ = {
			isa = PBXVariantGroup;
			children = (
				8E8D5B3A217EE8B400E29439 /* Base */,
			);
			name = LaunchScreen.storyboard;
			sourceTree = "<group>";
		};
/* End PBXVariantGroup section */

/* Begin XCBuildConfiguration section */
		8E8D5B53217EE8B500E29439 /* Debug */ = {
			isa = XCBuildConfiguration;
			buildSettings = {
				ALWAYS_SEARCH_USER_PATHS = NO;
				CLANG_ANALYZER_NONNULL = YES;
				CLANG_ANALYZER_NUMBER_OBJECT_CONVERSION = YES_AGGRESSIVE;
				CLANG_CXX_LANGUAGE_STANDARD = "gnu++14";
				CLANG_CXX_LIBRARY = "libc++";
				CLANG_ENABLE_MODULES = YES;
				CLANG_ENABLE_OBJC_ARC = YES;
				CLANG_ENABLE_OBJC_WEAK = YES;
				CLANG_WARN_BLOCK_CAPTURE_AUTORELEASING = YES;
				CLANG_WARN_BOOL_CONVERSION = YES;
				CLANG_WARN_COMMA = YES;
				CLANG_WARN_CONSTANT_CONVERSION = YES;
				CLANG_WARN_DEPRECATED_OBJC_IMPLEMENTATIONS = YES;
				CLANG_WARN_DIRECT_OBJC_ISA_USAGE = YES_ERROR;
				CLANG_WARN_DOCUMENTATION_COMMENTS = YES;
				CLANG_WARN_EMPTY_BODY = YES;
				CLANG_WARN_ENUM_CONVERSION = YES;
				CLANG_WARN_INFINITE_RECURSION = YES;
				CLANG_WARN_INT_CONVERSION = YES;
				CLANG_WARN_NON_LITERAL_NULL_CONVERSION = YES;
				CLANG_WARN_OBJC_IMPLICIT_RETAIN_SELF = YES;
				CLANG_WARN_OBJC_LITERAL_CONVERSION = YES;
				CLANG_WARN_OBJC_ROOT_CLASS = YES_ERROR;
				CLANG_WARN_RANGE_LOOP_ANALYSIS = YES;
				CLANG_WARN_STRICT_PROTOTYPES = YES;
				CLANG_WARN_SUSPICIOUS_MOVE = YES;
				CLANG_WARN_UNGUARDED_AVAILABILITY = YES_AGGRESSIVE;
				CLANG_WARN_UNREACHABLE_CODE = YES;
				CLANG_WARN__DUPLICATE_METHOD_MATCH = YES;
				CODE_SIGN_IDENTITY = "iPhone Developer";
				COPY_PHASE_STRIP = NO;
				DEBUG_INFORMATION_FORMAT = dwarf;
				ENABLE_STRICT_OBJC_MSGSEND = YES;
				ENABLE_TESTABILITY = YES;
				GCC_C_LANGUAGE_STANDARD = gnu11;
				GCC_DYNAMIC_NO_PIC = NO;
				GCC_NO_COMMON_BLOCKS = YES;
				GCC_OPTIMIZATION_LEVEL = 0;
				GCC_PREPROCESSOR_DEFINITIONS = (
					"DEBUG=1",
					"$(inherited)",
				);
				GCC_WARN_64_TO_32_BIT_CONVERSION = YES;
				GCC_WARN_ABOUT_RETURN_TYPE = YES_ERROR;
				GCC_WARN_UNDECLARED_SELECTOR = YES;
				GCC_WARN_UNINITIALIZED_AUTOS = YES_AGGRESSIVE;
				GCC_WARN_UNUSED_FUNCTION = YES;
				GCC_WARN_UNUSED_VARIABLE = YES;
				IPHONEOS_DEPLOYMENT_TARGET = 12.0;
				MTL_ENABLE_DEBUG_INFO = INCLUDE_SOURCE;
				MTL_FAST_MATH = YES;
				ONLY_ACTIVE_ARCH = YES;
				SDKROOT = iphoneos;
				SWIFT_ACTIVE_COMPILATION_CONDITIONS = DEBUG;
				SWIFT_OPTIMIZATION_LEVEL = "-Onone";
			};
			name = Debug;
		};
		8E8D5B54217EE8B500E29439 /* Release */ = {
			isa = XCBuildConfiguration;
			buildSettings = {
				ALWAYS_SEARCH_USER_PATHS = NO;
				CLANG_ANALYZER_NONNULL = YES;
				CLANG_ANALYZER_NUMBER_OBJECT_CONVERSION = YES_AGGRESSIVE;
				CLANG_CXX_LANGUAGE_STANDARD = "gnu++14";
				CLANG_CXX_LIBRARY = "libc++";
				CLANG_ENABLE_MODULES = YES;
				CLANG_ENABLE_OBJC_ARC = YES;
				CLANG_ENABLE_OBJC_WEAK = YES;
				CLANG_WARN_BLOCK_CAPTURE_AUTORELEASING = YES;
				CLANG_WARN_BOOL_CONVERSION = YES;
				CLANG_WARN_COMMA = YES;
				CLANG_WARN_CONSTANT_CONVERSION = YES;
				CLANG_WARN_DEPRECATED_OBJC_IMPLEMENTATIONS = YES;
				CLANG_WARN_DIRECT_OBJC_ISA_USAGE = YES_ERROR;
				CLANG_WARN_DOCUMENTATION_COMMENTS = YES;
				CLANG_WARN_EMPTY_BODY = YES;
				CLANG_WARN_ENUM_CONVERSION = YES;
				CLANG_WARN_INFINITE_RECURSION = YES;
				CLANG_WARN_INT_CONVERSION = YES;
				CLANG_WARN_NON_LITERAL_NULL_CONVERSION = YES;
				CLANG_WARN_OBJC_IMPLICIT_RETAIN_SELF = YES;
				CLANG_WARN_OBJC_LITERAL_CONVERSION = YES;
				CLANG_WARN_OBJC_ROOT_CLASS = YES_ERROR;
				CLANG_WARN_RANGE_LOOP_ANALYSIS = YES;
				CLANG_WARN_STRICT_PROTOTYPES = YES;
				CLANG_WARN_SUSPICIOUS_MOVE = YES;
				CLANG_WARN_UNGUARDED_AVAILABILITY = YES_AGGRESSIVE;
				CLANG_WARN_UNREACHABLE_CODE = YES;
				CLANG_WARN__DUPLICATE_METHOD_MATCH = YES;
				CODE_SIGN_IDENTITY = "iPhone Developer";
				COPY_PHASE_STRIP = NO;
				DEBUG_INFORMATION_FORMAT = "dwarf-with-dsym";
				ENABLE_NS_ASSERTIONS = NO;
				ENABLE_STRICT_OBJC_MSGSEND = YES;
				GCC_C_LANGUAGE_STANDARD = gnu11;
				GCC_NO_COMMON_BLOCKS = YES;
				GCC_WARN_64_TO_32_BIT_CONVERSION = YES;
				GCC_WARN_ABOUT_RETURN_TYPE = YES_ERROR;
				GCC_WARN_UNDECLARED_SELECTOR = YES;
				GCC_WARN_UNINITIALIZED_AUTOS = YES_AGGRESSIVE;
				GCC_WARN_UNUSED_FUNCTION = YES;
				GCC_WARN_UNUSED_VARIABLE = YES;
				IPHONEOS_DEPLOYMENT_TARGET = 12.0;
				MTL_ENABLE_DEBUG_INFO = NO;
				MTL_FAST_MATH = YES;
				SDKROOT = iphoneos;
				SWIFT_COMPILATION_MODE = wholemodule;
				SWIFT_OPTIMIZATION_LEVEL = "-O";
				VALIDATE_PRODUCT = YES;
			};
			name = Release;
		};
		8E8D5B56217EE8B500E29439 /* Debug */ = {
			isa = XCBuildConfiguration;
			buildSettings = {
				ASSETCATALOG_COMPILER_APPICON_NAME = AppIcon;
				CODE_SIGN_STYLE = Automatic;
				DEVELOPMENT_TEAM = DXZ5VF8836;
				INFOPLIST_FILE = WorldTrotter/Info.plist;
				LD_RUNPATH_SEARCH_PATHS = (
					"$(inherited)",
					"@executable_path/Frameworks",
				);
				PRODUCT_BUNDLE_IDENTIFIER = com.walmart.WorldTrotter;
				PRODUCT_NAME = "$(TARGET_NAME)";
				SWIFT_VERSION = 4.2;
				TARGETED_DEVICE_FAMILY = "1,2";
			};
			name = Debug;
		};
		8E8D5B57217EE8B500E29439 /* Release */ = {
			isa = XCBuildConfiguration;
			buildSettings = {
				ASSETCATALOG_COMPILER_APPICON_NAME = AppIcon;
				CODE_SIGN_STYLE = Automatic;
				DEVELOPMENT_TEAM = DXZ5VF8836;
				INFOPLIST_FILE = WorldTrotter/Info.plist;
				LD_RUNPATH_SEARCH_PATHS = (
					"$(inherited)",
					"@executable_path/Frameworks",
				);
				PRODUCT_BUNDLE_IDENTIFIER = com.walmart.WorldTrotter;
				PRODUCT_NAME = "$(TARGET_NAME)";
				SWIFT_VERSION = 4.2;
				TARGETED_DEVICE_FAMILY = "1,2";
			};
			name = Release;
		};
		8E8D5B59217EE8B500E29439 /* Debug */ = {
			isa = XCBuildConfiguration;
			buildSettings = {
				ALWAYS_EMBED_SWIFT_STANDARD_LIBRARIES = YES;
				BUNDLE_LOADER = "$(TEST_HOST)";
				CODE_SIGN_STYLE = Automatic;
				DEVELOPMENT_TEAM = DXZ5VF8836;
				INFOPLIST_FILE = WorldTrotterTests/Info.plist;
				LD_RUNPATH_SEARCH_PATHS = (
					"$(inherited)",
					"@executable_path/Frameworks",
					"@loader_path/Frameworks",
				);
				PRODUCT_BUNDLE_IDENTIFIER = com.walmart.WorldTrotterTests;
				PRODUCT_NAME = "$(TARGET_NAME)";
				SWIFT_VERSION = 4.2;
				TARGETED_DEVICE_FAMILY = "1,2";
				TEST_HOST = "$(BUILT_PRODUCTS_DIR)/WorldTrotter.app/WorldTrotter";
			};
			name = Debug;
		};
		8E8D5B5A217EE8B500E29439 /* Release */ = {
			isa = XCBuildConfiguration;
			buildSettings = {
				ALWAYS_EMBED_SWIFT_STANDARD_LIBRARIES = YES;
				BUNDLE_LOADER = "$(TEST_HOST)";
				CODE_SIGN_STYLE = Automatic;
				DEVELOPMENT_TEAM = DXZ5VF8836;
				INFOPLIST_FILE = WorldTrotterTests/Info.plist;
				LD_RUNPATH_SEARCH_PATHS = (
					"$(inherited)",
					"@executable_path/Frameworks",
					"@loader_path/Frameworks",
				);
				PRODUCT_BUNDLE_IDENTIFIER = com.walmart.WorldTrotterTests;
				PRODUCT_NAME = "$(TARGET_NAME)";
				SWIFT_VERSION = 4.2;
				TARGETED_DEVICE_FAMILY = "1,2";
				TEST_HOST = "$(BUILT_PRODUCTS_DIR)/WorldTrotter.app/WorldTrotter";
			};
			name = Release;
		};
		8E8D5B5C217EE8B500E29439 /* Debug */ = {
			isa = XCBuildConfiguration;
			buildSettings = {
				ALWAYS_EMBED_SWIFT_STANDARD_LIBRARIES = YES;
				CODE_SIGN_STYLE = Automatic;
				DEVELOPMENT_TEAM = DXZ5VF8836;
				INFOPLIST_FILE = WorldTrotterUITests/Info.plist;
				LD_RUNPATH_SEARCH_PATHS = (
					"$(inherited)",
					"@executable_path/Frameworks",
					"@loader_path/Frameworks",
				);
				PRODUCT_BUNDLE_IDENTIFIER = com.walmart.WorldTrotterUITests;
				PRODUCT_NAME = "$(TARGET_NAME)";
				SWIFT_VERSION = 4.2;
				TARGETED_DEVICE_FAMILY = "1,2";
				TEST_TARGET_NAME = WorldTrotter;
			};
			name = Debug;
		};
		8E8D5B5D217EE8B500E29439 /* Release */ = {
			isa = XCBuildConfiguration;
			buildSettings = {
				ALWAYS_EMBED_SWIFT_STANDARD_LIBRARIES = YES;
				CODE_SIGN_STYLE = Automatic;
				DEVELOPMENT_TEAM = DXZ5VF8836;
				INFOPLIST_FILE = WorldTrotterUITests/Info.plist;
				LD_RUNPATH_SEARCH_PATHS = (
					"$(inherited)",
					"@executable_path/Frameworks",
					"@loader_path/Frameworks",
				);
				PRODUCT_BUNDLE_IDENTIFIER = com.walmart.WorldTrotterUITests;
				PRODUCT_NAME = "$(TARGET_NAME)";
				SWIFT_VERSION = 4.2;
				TARGETED_DEVICE_FAMILY = "1,2";
				TEST_TARGET_NAME = WorldTrotter;
			};
			name = Release;
		};
/* End XCBuildConfiguration section */

/* Begin XCConfigurationList section */
		8E8D5B28217EE8B000E29439 /* Build configuration list for PBXProject "WorldTrotter" */ = {
			isa = XCConfigurationList;
			buildConfigurations = (
				8E8D5B53217EE8B500E29439 /* Debug */,
				8E8D5B54217EE8B500E29439 /* Release */,
			);
			defaultConfigurationIsVisible = 0;
			defaultConfigurationName = Release;
		};
		8E8D5B55217EE8B500E29439 /* Build configuration list for PBXNativeTarget "WorldTrotter" */ = {
			isa = XCConfigurationList;
			buildConfigurations = (
				8E8D5B56217EE8B500E29439 /* Debug */,
				8E8D5B57217EE8B500E29439 /* Release */,
			);
			defaultConfigurationIsVisible = 0;
			defaultConfigurationName = Release;
		};
		8E8D5B58217EE8B500E29439 /* Build configuration list for PBXNativeTarget "WorldTrotterTests" */ = {
			isa = XCConfigurationList;
			buildConfigurations = (
				8E8D5B59217EE8B500E29439 /* Debug */,
				8E8D5B5A217EE8B500E29439 /* Release */,
			);
			defaultConfigurationIsVisible = 0;
			defaultConfigurationName = Release;
		};
		8E8D5B5B217EE8B500E29439 /* Build configuration list for PBXNativeTarget "WorldTrotterUITests" */ = {
			isa = XCConfigurationList;
			buildConfigurations = (
				8E8D5B5C217EE8B500E29439 /* Debug */,
				8E8D5B5D217EE8B500E29439 /* Release */,
			);
			defaultConfigurationIsVisible = 0;
			defaultConfigurationName = Release;
		};
/* End XCConfigurationList section */
	};
	rootObject = 8E8D5B25217EE8B000E29439 /* Project object */;
}
